// !$*UTF8*$!
{
	archiveVersion = 1;
	classes = {
	};
	objectVersion = 55;
	objects = {

/* Begin PBXBuildFile section */
		A5FA894C279DF776003457C2 /* Tests_iOS.swift in Sources */ = {isa = PBXBuildFile; fileRef = A5FA894B279DF776003457C2 /* Tests_iOS.swift */; };
		A5FA894E279DF776003457C2 /* Tests_iOSLaunchTests.swift in Sources */ = {isa = PBXBuildFile; fileRef = A5FA894D279DF776003457C2 /* Tests_iOSLaunchTests.swift */; };
		A5FA8958279DF776003457C2 /* Tests_macOS.swift in Sources */ = {isa = PBXBuildFile; fileRef = A5FA8957279DF776003457C2 /* Tests_macOS.swift */; };
		A5FA895A279DF776003457C2 /* Tests_macOSLaunchTests.swift in Sources */ = {isa = PBXBuildFile; fileRef = A5FA8959279DF776003457C2 /* Tests_macOSLaunchTests.swift */; };
		A5FA895B279DF776003457C2 /* Valentine_s_DayApp.swift in Sources */ = {isa = PBXBuildFile; fileRef = A5FA8935279DF775003457C2 /* Valentine_s_DayApp.swift */; };
		A5FA895C279DF776003457C2 /* Valentine_s_DayApp.swift in Sources */ = {isa = PBXBuildFile; fileRef = A5FA8935279DF775003457C2 /* Valentine_s_DayApp.swift */; };
		A5FA895D279DF776003457C2 /* ContentView.swift in Sources */ = {isa = PBXBuildFile; fileRef = A5FA8936279DF775003457C2 /* ContentView.swift */; };
		A5FA895E279DF776003457C2 /* ContentView.swift in Sources */ = {isa = PBXBuildFile; fileRef = A5FA8936279DF775003457C2 /* ContentView.swift */; };
		A5FA895F279DF776003457C2 /* Assets.xcassets in Resources */ = {isa = PBXBuildFile; fileRef = A5FA8937279DF776003457C2 /* Assets.xcassets */; };
		A5FA8960279DF776003457C2 /* Assets.xcassets in Resources */ = {isa = PBXBuildFile; fileRef = A5FA8937279DF776003457C2 /* Assets.xcassets */; };
/* End PBXBuildFile section */

/* Begin PBXContainerItemProxy section */
		A5FA8948279DF776003457C2 /* PBXContainerItemProxy */ = {
			isa = PBXContainerItemProxy;
			containerPortal = A5FA8930279DF775003457C2 /* Project object */;
			proxyType = 1;
			remoteGlobalIDString = A5FA893B279DF776003457C2;
			remoteInfo = "Valentine's Day (iOS)";
		};
		A5FA8954279DF776003457C2 /* PBXContainerItemProxy */ = {
			isa = PBXContainerItemProxy;
			containerPortal = A5FA8930279DF775003457C2 /* Project object */;
			proxyType = 1;
			remoteGlobalIDString = A5FA8941279DF776003457C2;
			remoteInfo = "Valentine's Day (macOS)";
		};
/* End PBXContainerItemProxy section */

/* Begin PBXFileReference section */
		A5FA8935279DF775003457C2 /* Valentine_s_DayApp.swift */ = {isa = PBXFileReference; lastKnownFileType = sourcecode.swift; path = Valentine_s_DayApp.swift; sourceTree = "<group>"; };
		A5FA8936279DF775003457C2 /* ContentView.swift */ = {isa = PBXFileReference; lastKnownFileType = sourcecode.swift; path = ContentView.swift; sourceTree = "<group>"; };
		A5FA8937279DF776003457C2 /* Assets.xcassets */ = {isa = PBXFileReference; lastKnownFileType = folder.assetcatalog; path = Assets.xcassets; sourceTree = "<group>"; };
		A5FA893C279DF776003457C2 /* Valentine's Day.app */ = {isa = PBXFileReference; explicitFileType = wrapper.application; includeInIndex = 0; path = "Valentine's Day.app"; sourceTree = BUILT_PRODUCTS_DIR; };
		A5FA8942279DF776003457C2 /* Valentine's Day.app */ = {isa = PBXFileReference; explicitFileType = wrapper.application; includeInIndex = 0; path = "Valentine's Day.app"; sourceTree = BUILT_PRODUCTS_DIR; };
		A5FA8947279DF776003457C2 /* Tests iOS.xctest */ = {isa = PBXFileReference; explicitFileType = wrapper.cfbundle; includeInIndex = 0; path = "Tests iOS.xctest"; sourceTree = BUILT_PRODUCTS_DIR; };
		A5FA894B279DF776003457C2 /* Tests_iOS.swift */ = {isa = PBXFileReference; lastKnownFileType = sourcecode.swift; path = Tests_iOS.swift; sourceTree = "<group>"; };
		A5FA894D279DF776003457C2 /* Tests_iOSLaunchTests.swift */ = {isa = PBXFileReference; lastKnownFileType = sourcecode.swift; path = Tests_iOSLaunchTests.swift; sourceTree = "<group>"; };
		A5FA8953279DF776003457C2 /* Tests macOS.xctest */ = {isa = PBXFileReference; explicitFileType = wrapper.cfbundle; includeInIndex = 0; path = "Tests macOS.xctest"; sourceTree = BUILT_PRODUCTS_DIR; };
		A5FA8957279DF776003457C2 /* Tests_macOS.swift */ = {isa = PBXFileReference; lastKnownFileType = sourcecode.swift; path = Tests_macOS.swift; sourceTree = "<group>"; };
		A5FA8959279DF776003457C2 /* Tests_macOSLaunchTests.swift */ = {isa = PBXFileReference; lastKnownFileType = sourcecode.swift; path = Tests_macOSLaunchTests.swift; sourceTree = "<group>"; };
/* End PBXFileReference section */

/* Begin PBXFrameworksBuildPhase section */
		A5FA8939279DF776003457C2 /* Frameworks */ = {
			isa = PBXFrameworksBuildPhase;
			buildActionMask = 2147483647;
			files = (
			);
			runOnlyForDeploymentPostprocessing = 0;
		};
		A5FA893F279DF776003457C2 /* Frameworks */ = {
			isa = PBXFrameworksBuildPhase;
			buildActionMask = 2147483647;
			files = (
			);
			runOnlyForDeploymentPostprocessing = 0;
		};
		A5FA8944279DF776003457C2 /* Frameworks */ = {
			isa = PBXFrameworksBuildPhase;
			buildActionMask = 2147483647;
			files = (
			);
			runOnlyForDeploymentPostprocessing = 0;
		};
		A5FA8950279DF776003457C2 /* Frameworks */ = {
			isa = PBXFrameworksBuildPhase;
			buildActionMask = 2147483647;
			files = (
			);
			runOnlyForDeploymentPostprocessing = 0;
		};
/* End PBXFrameworksBuildPhase section */

/* Begin PBXGroup section */
		A5FA892F279DF775003457C2 = {
			isa = PBXGroup;
			children = (
				A5FA8934279DF775003457C2 /* Shared */,
				A5FA894A279DF776003457C2 /* Tests iOS */,
				A5FA8956279DF776003457C2 /* Tests macOS */,
				A5FA893D279DF776003457C2 /* Products */,
			);
			sourceTree = "<group>";
		};
		A5FA8934279DF775003457C2 /* Shared */ = {
			isa = PBXGroup;
			children = (
				A5FA8935279DF775003457C2 /* Valentine_s_DayApp.swift */,
				A5FA8936279DF775003457C2 /* ContentView.swift */,
				A5FA8937279DF776003457C2 /* Assets.xcassets */,
			);
			path = Shared;
			sourceTree = "<group>";
		};
		A5FA893D279DF776003457C2 /* Products */ = {
			isa = PBXGroup;
			children = (
				A5FA893C279DF776003457C2 /* Valentine's Day.app */,
				A5FA8942279DF776003457C2 /* Valentine's Day.app */,
				A5FA8947279DF776003457C2 /* Tests iOS.xctest */,
				A5FA8953279DF776003457C2 /* Tests macOS.xctest */,
			);
			name = Products;
			sourceTree = "<group>";
		};
		A5FA894A279DF776003457C2 /* Tests iOS */ = {
			isa = PBXGroup;
			children = (
				A5FA894B279DF776003457C2 /* Tests_iOS.swift */,
				A5FA894D279DF776003457C2 /* Tests_iOSLaunchTests.swift */,
			);
			path = "Tests iOS";
			sourceTree = "<group>";
		};
		A5FA8956279DF776003457C2 /* Tests macOS */ = {
			isa = PBXGroup;
			children = (
				A5FA8957279DF776003457C2 /* Tests_macOS.swift */,
				A5FA8959279DF776003457C2 /* Tests_macOSLaunchTests.swift */,
			);
			path = "Tests macOS";
			sourceTree = "<group>";
		};
/* End PBXGroup section */

/* Begin PBXNativeTarget section */
		A5FA893B279DF776003457C2 /* Valentine's Day (iOS) */ = {
			isa = PBXNativeTarget;
			buildConfigurationList = A5FA8963279DF776003457C2 /* Build configuration list for PBXNativeTarget "Valentine's Day (iOS)" */;
			buildPhases = (
				A5FA8938279DF776003457C2 /* Sources */,
				A5FA8939279DF776003457C2 /* Frameworks */,
				A5FA893A279DF776003457C2 /* Resources */,
			);
			buildRules = (
			);
			dependencies = (
			);
			name = "Valentine's Day (iOS)";
			productName = "Valentine's Day (iOS)";
			productReference = A5FA893C279DF776003457C2 /* Valentine's Day.app */;
			productType = "com.apple.product-type.application";
		};
		A5FA8941279DF776003457C2 /* Valentine's Day (macOS) */ = {
			isa = PBXNativeTarget;
			buildConfigurationList = A5FA8966279DF776003457C2 /* Build configuration list for PBXNativeTarget "Valentine's Day (macOS)" */;
			buildPhases = (
				A5FA893E279DF776003457C2 /* Sources */,
				A5FA893F279DF776003457C2 /* Frameworks */,
				A5FA8940279DF776003457C2 /* Resources */,
			);
			buildRules = (
			);
			dependencies = (
			);
			name = "Valentine's Day (macOS)";
			productName = "Valentine's Day (macOS)";
			productReference = A5FA8942279DF776003457C2 /* Valentine's Day.app */;
			productType = "com.apple.product-type.application";
		};
		A5FA8946279DF776003457C2 /* Tests iOS */ = {
			isa = PBXNativeTarget;
			buildConfigurationList = A5FA8969279DF776003457C2 /* Build configuration list for PBXNativeTarget "Tests iOS" */;
			buildPhases = (
				A5FA8943279DF776003457C2 /* Sources */,
				A5FA8944279DF776003457C2 /* Frameworks */,
				A5FA8945279DF776003457C2 /* Resources */,
			);
			buildRules = (
			);
			dependencies = (
				A5FA8949279DF776003457C2 /* PBXTargetDependency */,
			);
			name = "Tests iOS";
			productName = "Tests iOS";
			productReference = A5FA8947279DF776003457C2 /* Tests iOS.xctest */;
			productType = "com.apple.product-type.bundle.ui-testing";
		};
		A5FA8952279DF776003457C2 /* Tests macOS */ = {
			isa = PBXNativeTarget;
			buildConfigurationList = A5FA896C279DF776003457C2 /* Build configuration list for PBXNativeTarget "Tests macOS" */;
			buildPhases = (
				A5FA894F279DF776003457C2 /* Sources */,
				A5FA8950279DF776003457C2 /* Frameworks */,
				A5FA8951279DF776003457C2 /* Resources */,
			);
			buildRules = (
			);
			dependencies = (
				A5FA8955279DF776003457C2 /* PBXTargetDependency */,
			);
			name = "Tests macOS";
			productName = "Tests macOS";
			productReference = A5FA8953279DF776003457C2 /* Tests macOS.xctest */;
			productType = "com.apple.product-type.bundle.ui-testing";
		};
/* End PBXNativeTarget section */

/* Begin PBXProject section */
		A5FA8930279DF775003457C2 /* Project object */ = {
			isa = PBXProject;
			attributes = {
				BuildIndependentTargetsInParallel = 1;
				LastSwiftUpdateCheck = 1300;
				LastUpgradeCheck = 1300;
				TargetAttributes = {
					A5FA893B279DF776003457C2 = {
						CreatedOnToolsVersion = 13.0;
					};
					A5FA8941279DF776003457C2 = {
						CreatedOnToolsVersion = 13.0;
					};
					A5FA8946279DF776003457C2 = {
						CreatedOnToolsVersion = 13.0;
						TestTargetID = A5FA893B279DF776003457C2;
					};
					A5FA8952279DF776003457C2 = {
						CreatedOnToolsVersion = 13.0;
						TestTargetID = A5FA8941279DF776003457C2;
					};
				};
			};
			buildConfigurationList = A5FA8933279DF775003457C2 /* Build configuration list for PBXProject "Valentine's Day" */;
			compatibilityVersion = "Xcode 13.0";
			developmentRegion = en;
			hasScannedForEncodings = 0;
			knownRegions = (
				en,
				Base,
			);
			mainGroup = A5FA892F279DF775003457C2;
			productRefGroup = A5FA893D279DF776003457C2 /* Products */;
			projectDirPath = "";
			projectRoot = "";
			targets = (
				A5FA893B279DF776003457C2 /* Valentine's Day (iOS) */,
				A5FA8941279DF776003457C2 /* Valentine's Day (macOS) */,
				A5FA8946279DF776003457C2 /* Tests iOS */,
				A5FA8952279DF776003457C2 /* Tests macOS */,
			);
		};
/* End PBXProject section */

/* Begin PBXResourcesBuildPhase section */
		A5FA893A279DF776003457C2 /* Resources */ = {
			isa = PBXResourcesBuildPhase;
			buildActionMask = 2147483647;
			files = (
				A5FA895F279DF776003457C2 /* Assets.xcassets in Resources */,
			);
			runOnlyForDeploymentPostprocessing = 0;
		};
		A5FA8940279DF776003457C2 /* Resources */ = {
			isa = PBXResourcesBuildPhase;
			buildActionMask = 2147483647;
			files = (
				A5FA8960279DF776003457C2 /* Assets.xcassets in Resources */,
			);
			runOnlyForDeploymentPostprocessing = 0;
		};
		A5FA8945279DF776003457C2 /* Resources */ = {
			isa = PBXResourcesBuildPhase;
			buildActionMask = 2147483647;
			files = (
			);
			runOnlyForDeploymentPostprocessing = 0;
		};
		A5FA8951279DF776003457C2 /* Resources */ = {
			isa = PBXResourcesBuildPhase;
			buildActionMask = 2147483647;
			files = (
			);
			runOnlyForDeploymentPostprocessing = 0;
		};
/* End PBXResourcesBuildPhase section */

/* Begin PBXSourcesBuildPhase section */
		A5FA8938279DF776003457C2 /* Sources */ = {
			isa = PBXSourcesBuildPhase;
			buildActionMask = 2147483647;
			files = (
				A5FA895D279DF776003457C2 /* ContentView.swift in Sources */,
				A5FA895B279DF776003457C2 /* Valentine_s_DayApp.swift in Sources */,
			);
			runOnlyForDeploymentPostprocessing = 0;
		};
		A5FA893E279DF776003457C2 /* Sources */ = {
			isa = PBXSourcesBuildPhase;
			buildActionMask = 2147483647;
			files = (
				A5FA895E279DF776003457C2 /* ContentView.swift in Sources */,
				A5FA895C279DF776003457C2 /* Valentine_s_DayApp.swift in Sources */,
			);
			runOnlyForDeploymentPostprocessing = 0;
		};
		A5FA8943279DF776003457C2 /* Sources */ = {
			isa = PBXSourcesBuildPhase;
			buildActionMask = 2147483647;
			files = (
				A5FA894E279DF776003457C2 /* Tests_iOSLaunchTests.swift in Sources */,
				A5FA894C279DF776003457C2 /* Tests_iOS.swift in Sources */,
			);
			runOnlyForDeploymentPostprocessing = 0;
		};
		A5FA894F279DF776003457C2 /* Sources */ = {
			isa = PBXSourcesBuildPhase;
			buildActionMask = 2147483647;
			files = (
				A5FA895A279DF776003457C2 /* Tests_macOSLaunchTests.swift in Sources */,
				A5FA8958279DF776003457C2 /* Tests_macOS.swift in Sources */,
			);
			runOnlyForDeploymentPostprocessing = 0;
		};
/* End PBXSourcesBuildPhase section */

/* Begin PBXTargetDependency section */
		A5FA8949279DF776003457C2 /* PBXTargetDependency */ = {
			isa = PBXTargetDependency;
			target = A5FA893B279DF776003457C2 /* Valentine's Day (iOS) */;
			targetProxy = A5FA8948279DF776003457C2 /* PBXContainerItemProxy */;
		};
		A5FA8955279DF776003457C2 /* PBXTargetDependency */ = {
			isa = PBXTargetDependency;
			target = A5FA8941279DF776003457C2 /* Valentine's Day (macOS) */;
			targetProxy = A5FA8954279DF776003457C2 /* PBXContainerItemProxy */;
		};
/* End PBXTargetDependency section */

/* Begin XCBuildConfiguration section */
		A5FA8961279DF776003457C2 /* Debug */ = {
			isa = XCBuildConfiguration;
			buildSettings = {
				ALWAYS_SEARCH_USER_PATHS = NO;
				CLANG_ANALYZER_NONNULL = YES;
				CLANG_ANALYZER_NUMBER_OBJECT_CONVERSION = YES_AGGRESSIVE;
				CLANG_CXX_LANGUAGE_STANDARD = "gnu++17";
				CLANG_CXX_LIBRARY = "libc++";
				CLANG_ENABLE_MODULES = YES;
				CLANG_ENABLE_OBJC_ARC = YES;
				CLANG_ENABLE_OBJC_WEAK = YES;
				CLANG_WARN_BLOCK_CAPTURE_AUTORELEASING = YES;
				CLANG_WARN_BOOL_CONVERSION = YES;
				CLANG_WARN_COMMA = YES;
				CLANG_WARN_CONSTANT_CONVERSION = YES;
				CLANG_WARN_DEPRECATED_OBJC_IMPLEMENTATIONS = YES;
				CLANG_WARN_DIRECT_OBJC_ISA_USAGE = YES_ERROR;
				CLANG_WARN_DOCUMENTATION_COMMENTS = YES;
				CLANG_WARN_EMPTY_BODY = YES;
				CLANG_WARN_ENUM_CONVERSION = YES;
				CLANG_WARN_INFINITE_RECURSION = YES;
				CLANG_WARN_INT_CONVERSION = YES;
				CLANG_WARN_NON_LITERAL_NULL_CONVERSION = YES;
				CLANG_WARN_OBJC_IMPLICIT_RETAIN_SELF = YES;
				CLANG_WARN_OBJC_LITERAL_CONVERSION = YES;
				CLANG_WARN_OBJC_ROOT_CLASS = YES_ERROR;
				CLANG_WARN_QUOTED_INCLUDE_IN_FRAMEWORK_HEADER = YES;
				CLANG_WARN_RANGE_LOOP_ANALYSIS = YES;
				CLANG_WARN_STRICT_PROTOTYPES = YES;
				CLANG_WARN_SUSPICIOUS_MOVE = YES;
				CLANG_WARN_UNGUARDED_AVAILABILITY = YES_AGGRESSIVE;
				CLANG_WARN_UNREACHABLE_CODE = YES;
				CLANG_WARN__DUPLICATE_METHOD_MATCH = YES;
				COPY_PHASE_STRIP = NO;
				DEBUG_INFORMATION_FORMAT = dwarf;
				ENABLE_STRICT_OBJC_MSGSEND = YES;
				ENABLE_TESTABILITY = YES;
				GCC_C_LANGUAGE_STANDARD = gnu11;
				GCC_DYNAMIC_NO_PIC = NO;
				GCC_NO_COMMON_BLOCKS = YES;
				GCC_OPTIMIZATION_LEVEL = 0;
				GCC_PREPROCESSOR_DEFINITIONS = (
					"DEBUG=1",
					"$(inherited)",
				);
				GCC_WARN_64_TO_32_BIT_CONVERSION = YES;
				GCC_WARN_ABOUT_RETURN_TYPE = YES_ERROR;
				GCC_WARN_UNDECLARED_SELECTOR = YES;
				GCC_WARN_UNINITIALIZED_AUTOS = YES_AGGRESSIVE;
				GCC_WARN_UNUSED_FUNCTION = YES;
				GCC_WARN_UNUSED_VARIABLE = YES;
				MTL_ENABLE_DEBUG_INFO = INCLUDE_SOURCE;
				MTL_FAST_MATH = YES;
				ONLY_ACTIVE_ARCH = YES;
				SWIFT_ACTIVE_COMPILATION_CONDITIONS = DEBUG;
				SWIFT_OPTIMIZATION_LEVEL = "-Onone";
			};
			name = Debug;
		};
		A5FA8962279DF776003457C2 /* Release */ = {
			isa = XCBuildConfiguration;
			buildSettings = {
				ALWAYS_SEARCH_USER_PATHS = NO;
				CLANG_ANALYZER_NONNULL = YES;
				CLANG_ANALYZER_NUMBER_OBJECT_CONVERSION = YES_AGGRESSIVE;
				CLANG_CXX_LANGUAGE_STANDARD = "gnu++17";
				CLANG_CXX_LIBRARY = "libc++";
				CLANG_ENABLE_MODULES = YES;
				CLANG_ENABLE_OBJC_ARC = YES;
				CLANG_ENABLE_OBJC_WEAK = YES;
				CLANG_WARN_BLOCK_CAPTURE_AUTORELEASING = YES;
				CLANG_WARN_BOOL_CONVERSION = YES;
				CLANG_WARN_COMMA = YES;
				CLANG_WARN_CONSTANT_CONVERSION = YES;
				CLANG_WARN_DEPRECATED_OBJC_IMPLEMENTATIONS = YES;
				CLANG_WARN_DIRECT_OBJC_ISA_USAGE = YES_ERROR;
				CLANG_WARN_DOCUMENTATION_COMMENTS = YES;
				CLANG_WARN_EMPTY_BODY = YES;
				CLANG_WARN_ENUM_CONVERSION = YES;
				CLANG_WARN_INFINITE_RECURSION = YES;
				CLANG_WARN_INT_CONVERSION = YES;
				CLANG_WARN_NON_LITERAL_NULL_CONVERSION = YES;
				CLANG_WARN_OBJC_IMPLICIT_RETAIN_SELF = YES;
				CLANG_WARN_OBJC_LITERAL_CONVERSION = YES;
				CLANG_WARN_OBJC_ROOT_CLASS = YES_ERROR;
				CLANG_WARN_QUOTED_INCLUDE_IN_FRAMEWORK_HEADER = YES;
				CLANG_WARN_RANGE_LOOP_ANALYSIS = YES;
				CLANG_WARN_STRICT_PROTOTYPES = YES;
				CLANG_WARN_SUSPICIOUS_MOVE = YES;
				CLANG_WARN_UNGUARDED_AVAILABILITY = YES_AGGRESSIVE;
				CLANG_WARN_UNREACHABLE_CODE = YES;
				CLANG_WARN__DUPLICATE_METHOD_MATCH = YES;
				COPY_PHASE_STRIP = NO;
				DEBUG_INFORMATION_FORMAT = "dwarf-with-dsym";
				ENABLE_NS_ASSERTIONS = NO;
				ENABLE_STRICT_OBJC_MSGSEND = YES;
				GCC_C_LANGUAGE_STANDARD = gnu11;
				GCC_NO_COMMON_BLOCKS = YES;
				GCC_WARN_64_TO_32_BIT_CONVERSION = YES;
				GCC_WARN_ABOUT_RETURN_TYPE = YES_ERROR;
				GCC_WARN_UNDECLARED_SELECTOR = YES;
				GCC_WARN_UNINITIALIZED_AUTOS = YES_AGGRESSIVE;
				GCC_WARN_UNUSED_FUNCTION = YES;
				GCC_WARN_UNUSED_VARIABLE = YES;
				MTL_ENABLE_DEBUG_INFO = NO;
				MTL_FAST_MATH = YES;
				SWIFT_COMPILATION_MODE = wholemodule;
				SWIFT_OPTIMIZATION_LEVEL = "-O";
			};
			name = Release;
		};
		A5FA8964279DF776003457C2 /* Debug */ = {
			isa = XCBuildConfiguration;
			buildSettings = {
				ASSETCATALOG_COMPILER_APPICON_NAME = AppIcon;
				ASSETCATALOG_COMPILER_GLOBAL_ACCENT_COLOR_NAME = AccentColor;
				CODE_SIGN_STYLE = Automatic;
				CURRENT_PROJECT_VERSION = 1;
				DEVELOPMENT_TEAM = V59RVGUYZD;
				ENABLE_PREVIEWS = YES;
				GENERATE_INFOPLIST_FILE = YES;
				INFOPLIST_KEY_UIApplicationSceneManifest_Generation = YES;
				INFOPLIST_KEY_UIApplicationSupportsIndirectInputEvents = YES;
				INFOPLIST_KEY_UILaunchScreen_Generation = YES;
				INFOPLIST_KEY_UISupportedInterfaceOrientations_iPad = "UIInterfaceOrientationPortrait UIInterfaceOrientationPortraitUpsideDown UIInterfaceOrientationLandscapeLeft UIInterfaceOrientationLandscapeRight";
				INFOPLIST_KEY_UISupportedInterfaceOrientations_iPhone = "UIInterfaceOrientationPortrait UIInterfaceOrientationLandscapeLeft UIInterfaceOrientationLandscapeRight";
				IPHONEOS_DEPLOYMENT_TARGET = 14.0;
				LD_RUNPATH_SEARCH_PATHS = (
					"$(inherited)",
					"@executable_path/Frameworks",
				);
				MARKETING_VERSION = 1.0;
				PRODUCT_BUNDLE_IDENTIFIER = "com.jtIIT.Valentine-s-Day";
				PRODUCT_NAME = "Valentine's Day";
				SDKROOT = iphoneos;
				SWIFT_EMIT_LOC_STRINGS = YES;
				SWIFT_VERSION = 5.0;
				TARGETED_DEVICE_FAMILY = "1,2";
			};
			name = Debug;
		};
		A5FA8965279DF776003457C2 /* Release */ = {
			isa = XCBuildConfiguration;
			buildSettings = {
				ASSETCATALOG_COMPILER_APPICON_NAME = AppIcon;
				ASSETCATALOG_COMPILER_GLOBAL_ACCENT_COLOR_NAME = AccentColor;
				CODE_SIGN_STYLE = Automatic;
				CURRENT_PROJECT_VERSION = 1;
				DEVELOPMENT_TEAM = V59RVGUYZD;
				ENABLE_PREVIEWS = YES;
				GENERATE_INFOPLIST_FILE = YES;
				INFOPLIST_KEY_UIApplicationSceneManifest_Generation = YES;
				INFOPLIST_KEY_UIApplicationSupportsIndirectInputEvents = YES;
				INFOPLIST_KEY_UILaunchScreen_Generation = YES;
				INFOPLIST_KEY_UISupportedInterfaceOrientations_iPad = "UIInterfaceOrientationPortrait UIInterfaceOrientationPortraitUpsideDown UIInterfaceOrientationLandscapeLeft UIInterfaceOrientationLandscapeRight";
				INFOPLIST_KEY_UISupportedInterfaceOrientations_iPhone = "UIInterfaceOrientationPortrait UIInterfaceOrientationLandscapeLeft UIInterfaceOrientationLandscapeRight";
				IPHONEOS_DEPLOYMENT_TARGET = 14.0;
				LD_RUNPATH_SEARCH_PATHS = (
					"$(inherited)",
					"@executable_path/Frameworks",
				);
				MARKETING_VERSION = 1.0;
				PRODUCT_BUNDLE_IDENTIFIER = "com.jtIIT.Valentine-s-Day";
				PRODUCT_NAME = "Valentine's Day";
				SDKROOT = iphoneos;
				SWIFT_EMIT_LOC_STRINGS = YES;
				SWIFT_VERSION = 5.0;
				TARGETED_DEVICE_FAMILY = "1,2";
				VALIDATE_PRODUCT = YES;
			};
			name = Release;
		};
		A5FA8967279DF776003457C2 /* Debug */ = {
			isa = XCBuildConfiguration;
			buildSettings = {
				ASSETCATALOG_COMPILER_APPICON_NAME = AppIcon;
				ASSETCATALOG_COMPILER_GLOBAL_ACCENT_COLOR_NAME = AccentColor;
				CODE_SIGN_STYLE = Automatic;
				COMBINE_HIDPI_IMAGES = YES;
				CURRENT_PROJECT_VERSION = 1;
				DEVELOPMENT_TEAM = V59RVGUYZD;
				ENABLE_APP_SANDBOX = YES;
				ENABLE_HARDENED_RUNTIME = YES;
				ENABLE_PREVIEWS = YES;
				ENABLE_USER_SELECTED_FILES = readonly;
				GENERATE_INFOPLIST_FILE = YES;
				INFOPLIST_KEY_NSHumanReadableCopyright = "";
				LD_RUNPATH_SEARCH_PATHS = (
					"$(inherited)",
					"@executable_path/../Frameworks",
				);
				MACOSX_DEPLOYMENT_TARGET = 11.0;
				MARKETING_VERSION = 1.0;
				PRODUCT_BUNDLE_IDENTIFIER = "com.jtIIT.Valentine-s-Day";
				PRODUCT_NAME = "Valentine's Day";
				SDKROOT = macosx;
				SWIFT_EMIT_LOC_STRINGS = YES;
				SWIFT_VERSION = 5.0;
			};
			name = Debug;
		};
		A5FA8968279DF776003457C2 /* Release */ = {
			isa = XCBuildConfiguration;
			buildSettings = {
				ASSETCATALOG_COMPILER_APPICON_NAME = AppIcon;
				ASSETCATALOG_COMPILER_GLOBAL_ACCENT_COLOR_NAME = AccentColor;
				CODE_SIGN_STYLE = Automatic;
				COMBINE_HIDPI_IMAGES = YES;
				CURRENT_PROJECT_VERSION = 1;
				DEVELOPMENT_TEAM = V59RVGUYZD;
				ENABLE_APP_SANDBOX = YES;
				ENABLE_HARDENED_RUNTIME = YES;
				ENABLE_PREVIEWS = YES;
				ENABLE_USER_SELECTED_FILES = readonly;
				GENERATE_INFOPLIST_FILE = YES;
				INFOPLIST_KEY_NSHumanReadableCopyright = "";
				LD_RUNPATH_SEARCH_PATHS = (
					"$(inherited)",
					"@executable_path/../Frameworks",
				);
				MACOSX_DEPLOYMENT_TARGET = 11.0;
				MARKETING_VERSION = 1.0;
				PRODUCT_BUNDLE_IDENTIFIER = "com.jtIIT.Valentine-s-Day";
				PRODUCT_NAME = "Valentine's Day";
				SDKROOT = macosx;
				SWIFT_EMIT_LOC_STRINGS = YES;
				SWIFT_VERSION = 5.0;
			};
			name = Release;
		};
		A5FA896A279DF776003457C2 /* Debug */ = {
			isa = XCBuildConfiguration;
			buildSettings = {
				ALWAYS_EMBED_SWIFT_STANDARD_LIBRARIES = YES;
				CODE_SIGN_STYLE = Automatic;
				CURRENT_PROJECT_VERSION = 1;
				DEVELOPMENT_TEAM = V59RVGUYZD;
				GENERATE_INFOPLIST_FILE = YES;
				IPHONEOS_DEPLOYMENT_TARGET = 15.0;
				LD_RUNPATH_SEARCH_PATHS = (
					"$(inherited)",
					"@executable_path/Frameworks",
					"@loader_path/Frameworks",
				);
				MARKETING_VERSION = 1.0;
				PRODUCT_BUNDLE_IDENTIFIER = "com.jtIIT.Tests-iOS";
				PRODUCT_NAME = "$(TARGET_NAME)";
				SDKROOT = iphoneos;
				SWIFT_EMIT_LOC_STRINGS = NO;
				SWIFT_VERSION = 5.0;
				TARGETED_DEVICE_FAMILY = "1,2";
				TEST_TARGET_NAME = "Valentine's Day (iOS)";
			};
			name = Debug;
		};
		A5FA896B279DF776003457C2 /* Release */ = {
			isa = XCBuildConfiguration;
			buildSettings = {
				ALWAYS_EMBED_SWIFT_STANDARD_LIBRARIES = YES;
				CODE_SIGN_STYLE = Automatic;
				CURRENT_PROJECT_VERSION = 1;
				DEVELOPMENT_TEAM = V59RVGUYZD;
				GENERATE_INFOPLIST_FILE = YES;
				IPHONEOS_DEPLOYMENT_TARGET = 15.0;
				LD_RUNPATH_SEARCH_PATHS = (
					"$(inherited)",
					"@executable_path/Frameworks",
					"@loader_path/Frameworks",
				);
				MARKETING_VERSION = 1.0;
				PRODUCT_BUNDLE_IDENTIFIER = "com.jtIIT.Tests-iOS";
				PRODUCT_NAME = "$(TARGET_NAME)";
				SDKROOT = iphoneos;
				SWIFT_EMIT_LOC_STRINGS = NO;
				SWIFT_VERSION = 5.0;
				TARGETED_DEVICE_FAMILY = "1,2";
				TEST_TARGET_NAME = "Valentine's Day (iOS)";
				VALIDATE_PRODUCT = YES;
			};
			name = Release;
		};
		A5FA896D279DF776003457C2 /* Debug */ = {
			isa = XCBuildConfiguration;
			buildSettings = {
				ALWAYS_EMBED_SWIFT_STANDARD_LIBRARIES = YES;
				CODE_SIGN_STYLE = Automatic;
				COMBINE_HIDPI_IMAGES = YES;
				CURRENT_PROJECT_VERSION = 1;
				DEVELOPMENT_TEAM = V59RVGUYZD;
				GENERATE_INFOPLIST_FILE = YES;
				LD_RUNPATH_SEARCH_PATHS = (
					"$(inherited)",
					"@executable_path/../Frameworks",
					"@loader_path/../Frameworks",
				);
				MACOSX_DEPLOYMENT_TARGET = 12.0;
				MARKETING_VERSION = 1.0;
				PRODUCT_BUNDLE_IDENTIFIER = "com.jtIIT.Tests-macOS";
				PRODUCT_NAME = "$(TARGET_NAME)";
				SDKROOT = macosx;
				SWIFT_EMIT_LOC_STRINGS = NO;
				SWIFT_VERSION = 5.0;
				TEST_TARGET_NAME = "Valentine's Day (macOS)";
			};
			name = Debug;
		};
		A5FA896E279DF776003457C2 /* Release */ = {
			isa = XCBuildConfiguration;
			buildSettings = {
				ALWAYS_EMBED_SWIFT_STANDARD_LIBRARIES = YES;
				CODE_SIGN_STYLE = Automatic;
				COMBINE_HIDPI_IMAGES = YES;
				CURRENT_PROJECT_VERSION = 1;
				DEVELOPMENT_TEAM = V59RVGUYZD;
				GENERATE_INFOPLIST_FILE = YES;
				LD_RUNPATH_SEARCH_PATHS = (
					"$(inherited)",
					"@executable_path/../Frameworks",
					"@loader_path/../Frameworks",
				);
				MACOSX_DEPLOYMENT_TARGET = 12.0;
				MARKETING_VERSION = 1.0;
				PRODUCT_BUNDLE_IDENTIFIER = "com.jtIIT.Tests-macOS";
				PRODUCT_NAME = "$(TARGET_NAME)";
				SDKROOT = macosx;
				SWIFT_EMIT_LOC_STRINGS = NO;
				SWIFT_VERSION = 5.0;
				TEST_TARGET_NAME = "Valentine's Day (macOS)";
			};
			name = Release;
		};
/* End XCBuildConfiguration section */

/* Begin XCConfigurationList section */
		A5FA8933279DF775003457C2 /* Build configuration list for PBXProject "Valentine's Day" */ = {
			isa = XCConfigurationList;
			buildConfigurations = (
				A5FA8961279DF776003457C2 /* Debug */,
				A5FA8962279DF776003457C2 /* Release */,
			);
			defaultConfigurationIsVisible = 0;
			defaultConfigurationName = Release;
		};
		A5FA8963279DF776003457C2 /* Build configuration list for PBXNativeTarget "Valentine's Day (iOS)" */ = {
			isa = XCConfigurationList;
			buildConfigurations = (
				A5FA8964279DF776003457C2 /* Debug */,
				A5FA8965279DF776003457C2 /* Release */,
			);
			defaultConfigurationIsVisible = 0;
			defaultConfigurationName = Release;
		};
		A5FA8966279DF776003457C2 /* Build configuration list for PBXNativeTarget "Valentine's Day (macOS)" */ = {
			isa = XCConfigurationList;
			buildConfigurations = (
				A5FA8967279DF776003457C2 /* Debug */,
				A5FA8968279DF776003457C2 /* Release */,
			);
			defaultConfigurationIsVisible = 0;
			defaultConfigurationName = Release;
		};
		A5FA8969279DF776003457C2 /* Build configuration list for PBXNativeTarget "Tests iOS" */ = {
			isa = XCConfigurationList;
			buildConfigurations = (
				A5FA896A279DF776003457C2 /* Debug */,
				A5FA896B279DF776003457C2 /* Release */,
			);
			defaultConfigurationIsVisible = 0;
			defaultConfigurationName = Release;
		};
		A5FA896C279DF776003457C2 /* Build configuration list for PBXNativeTarget "Tests macOS" */ = {
			isa = XCConfigurationList;
			buildConfigurations = (
				A5FA896D279DF776003457C2 /* Debug */,
				A5FA896E279DF776003457C2 /* Release */,
			);
			defaultConfigurationIsVisible = 0;
			defaultConfigurationName = Release;
		};
/* End XCConfigurationList section */
	};
	rootObject = A5FA8930279DF775003457C2 /* Project object */;
}
